
Microsoft Visual Studio Solution File, Format Version 12.00
# Visual Studio Version 17
VisualStudioVersion = 17.11.35327.3
MinimumVisualStudioVersion = 10.0.40219.1
Project("{FAE04EC0-301F-11D3-BF4B-00C04F79EFBC}") = "TestSample", "TestSample\TestSample.csproj", "{101AD3E9-6B1F-4B29-9385-9965AD206678}"
EndProject
Project("{FAE04EC0-301F-11D3-BF4B-00C04F79EFBC}") = "StringReverse", "StringReverse\StringReverse.csproj", "{2C9E39B3-8C0F-4929-A38F-F3A13D9B06D8}"
EndProject
Project("{FAE04EC0-301F-11D3-BF4B-00C04F79EFBC}") = "FindSubStrings", "FindSubStrings\FindSubStrings.csproj", "{4147216C-6F24-403D-BCC4-43B545771519}"
EndProject
Project("{FAE04EC0-301F-11D3-BF4B-00C04F79EFBC}") = "PrimNumberSample", "PrimNumberSample\PrimNumberSample.csproj", "{29A81BA7-E88C-4ACF-A40B-7859451CA2F2}"
EndProject
Project("{FAE04EC0-301F-11D3-BF4B-00C04F79EFBC}") = "SingletonSample", "SingletonSample\SingletonSample.csproj", "{1DEFDD4C-BD4A-4DB2-A9B0-406FC2E2B405}"
EndProject
Project("{9A19103F-16F7-4668-BE54-9A1E7A4F7556}") = "TestConsole", "TestConsole\TestConsole.csproj", "{F96BDD1E-4C77-48D8-8F0C-C0BBCF140F69}"
EndProject
Project("{9A19103F-16F7-4668-BE54-9A1E7A4F7556}") = "InheritanceSample", "InheritanceSample\InheritanceSample.csproj", "{87AEC3CE-FBCF-4F7A-B592-71B1296FA4B4}"
EndProject
Project("{FAE04EC0-301F-11D3-BF4B-00C04F79EFBC}") = "OperatorOverloadingSample", "OperatorOverloadingSample\OperatorOverloadingSample.csproj", "{CDA5CDD3-DEBA-44C0-BF5A-081C7E89B2D2}"
EndProject
Project("{FAE04EC0-301F-11D3-BF4B-00C04F79EFBC}") = "AbstractClassSample", "AbstractClassSample\AbstractClassSample.csproj", "{D3BD3C5F-4D93-4A6B-B555-4083BBEAE4AF}"
EndProject
Project("{FAE04EC0-301F-11D3-BF4B-00C04F79EFBC}") = "RecordSample", "RecordSample\RecordSample.csproj", "{526C84CB-C164-42EA-B91C-6C98DFF56D93}"
EndProject
Project("{FAE04EC0-301F-11D3-BF4B-00C04F79EFBC}") = "ConsoleApp1", "ConsoleApp1\ConsoleApp1.csproj", "{084C4650-34A7-4055-A545-6F7DCFA8A46A}"
EndProject
Project("{2150E333-8FDC-42A3-9474-1A3956D46DE8}") = "CrossPlatform", "CrossPlatform", "{B37C906F-7C51-41D9-B580-83FD3439DAAD}"
EndProject
Project("{FAE04EC0-301F-11D3-BF4B-00C04F79EFBC}") = "TestClassLibSample", "TestClassLibSample\TestClassLibSample.csproj", "{24E92129-80E0-4DD0-8879-9AA98502B8F4}"
EndProject
Project("{FAE04EC0-301F-11D3-BF4B-00C04F79EFBC}") = "ConsoleAppWindows", "ConsoleAppWindows\ConsoleAppWindows.csproj", "{6074DC4E-79DE-498B-8958-E05446300723}"
EndProject
Project("{FAE04EC0-301F-11D3-BF4B-00C04F79EFBC}") = "TestClassLibClient.Core", "TestClassLibClient.Core\TestClassLibClient.Core.csproj", "{C1DDD9F8-5638-4F44-A528-FD0E8F5E64E2}"
EndProject
Project("{FAE04EC0-301F-11D3-BF4B-00C04F79EFBC}") = "BenchMarkSample", "BenchMarkSample\BenchMarkSample.csproj", "{519A51E6-91AE-42CC-B3F8-5026E80288D1}"
EndProject
Project("{FAE04EC0-301F-11D3-BF4B-00C04F79EFBC}") = "MeasureElapsedTime", "MeasureElapsedTime\MeasureElapsedTime.csproj", "{E2AC52AC-2BA1-4F4F-84FF-787890CC1540}"
EndProject
Global
	GlobalSection(SolutionConfigurationPlatforms) = preSolution
		Debug|Any CPU = Debug|Any CPU
		Release|Any CPU = Release|Any CPU
	EndGlobalSection
	GlobalSection(ProjectConfigurationPlatforms) = postSolution
		{101AD3E9-6B1F-4B29-9385-9965AD206678}.Debug|Any CPU.ActiveCfg = Debug|Any CPU
		{101AD3E9-6B1F-4B29-9385-9965AD206678}.Debug|Any CPU.Build.0 = Debug|Any CPU
		{101AD3E9-6B1F-4B29-9385-9965AD206678}.Release|Any CPU.ActiveCfg = Release|Any CPU
		{101AD3E9-6B1F-4B29-9385-9965AD206678}.Release|Any CPU.Build.0 = Release|Any CPU
		{2C9E39B3-8C0F-4929-A38F-F3A13D9B06D8}.Debug|Any CPU.ActiveCfg = Debug|Any CPU
		{2C9E39B3-8C0F-4929-A38F-F3A13D9B06D8}.Debug|Any CPU.Build.0 = Debug|Any CPU
		{2C9E39B3-8C0F-4929-A38F-F3A13D9B06D8}.Release|Any CPU.ActiveCfg = Release|Any CPU
		{2C9E39B3-8C0F-4929-A38F-F3A13D9B06D8}.Release|Any CPU.Build.0 = Release|Any CPU
		{4147216C-6F24-403D-BCC4-43B545771519}.Debug|Any CPU.ActiveCfg = Debug|Any CPU
		{4147216C-6F24-403D-BCC4-43B545771519}.Debug|Any CPU.Build.0 = Debug|Any CPU
		{4147216C-6F24-403D-BCC4-43B545771519}.Release|Any CPU.ActiveCfg = Release|Any CPU
		{4147216C-6F24-403D-BCC4-43B545771519}.Release|Any CPU.Build.0 = Release|Any CPU
		{29A81BA7-E88C-4ACF-A40B-7859451CA2F2}.Debug|Any CPU.ActiveCfg = Debug|Any CPU
		{29A81BA7-E88C-4ACF-A40B-7859451CA2F2}.Debug|Any CPU.Build.0 = Debug|Any CPU
		{29A81BA7-E88C-4ACF-A40B-7859451CA2F2}.Release|Any CPU.ActiveCfg = Release|Any CPU
		{29A81BA7-E88C-4ACF-A40B-7859451CA2F2}.Release|Any CPU.Build.0 = Release|Any CPU
		{1DEFDD4C-BD4A-4DB2-A9B0-406FC2E2B405}.Debug|Any CPU.ActiveCfg = Debug|Any CPU
		{1DEFDD4C-BD4A-4DB2-A9B0-406FC2E2B405}.Debug|Any CPU.Build.0 = Debug|Any CPU
		{1DEFDD4C-BD4A-4DB2-A9B0-406FC2E2B405}.Release|Any CPU.ActiveCfg = Release|Any CPU
		{1DEFDD4C-BD4A-4DB2-A9B0-406FC2E2B405}.Release|Any CPU.Build.0 = Release|Any CPU
		{F96BDD1E-4C77-48D8-8F0C-C0BBCF140F69}.Debug|Any CPU.ActiveCfg = Debug|Any CPU
		{F96BDD1E-4C77-48D8-8F0C-C0BBCF140F69}.Debug|Any CPU.Build.0 = Debug|Any CPU
		{F96BDD1E-4C77-48D8-8F0C-C0BBCF140F69}.Release|Any CPU.ActiveCfg = Release|Any CPU
		{F96BDD1E-4C77-48D8-8F0C-C0BBCF140F69}.Release|Any CPU.Build.0 = Release|Any CPU
		{87AEC3CE-FBCF-4F7A-B592-71B1296FA4B4}.Debug|Any CPU.ActiveCfg = Debug|Any CPU
		{87AEC3CE-FBCF-4F7A-B592-71B1296FA4B4}.Debug|Any CPU.Build.0 = Debug|Any CPU
		{87AEC3CE-FBCF-4F7A-B592-71B1296FA4B4}.Release|Any CPU.ActiveCfg = Release|Any CPU
		{87AEC3CE-FBCF-4F7A-B592-71B1296FA4B4}.Release|Any CPU.Build.0 = Release|Any CPU
		{CDA5CDD3-DEBA-44C0-BF5A-081C7E89B2D2}.Debug|Any CPU.ActiveCfg = Debug|Any CPU
		{CDA5CDD3-DEBA-44C0-BF5A-081C7E89B2D2}.Debug|Any CPU.Build.0 = Debug|Any CPU
		{CDA5CDD3-DEBA-44C0-BF5A-081C7E89B2D2}.Release|Any CPU.ActiveCfg = Release|Any CPU
		{CDA5CDD3-DEBA-44C0-BF5A-081C7E89B2D2}.Release|Any CPU.Build.0 = Release|Any CPU
		{D3BD3C5F-4D93-4A6B-B555-4083BBEAE4AF}.Debug|Any CPU.ActiveCfg = Debug|Any CPU
		{D3BD3C5F-4D93-4A6B-B555-4083BBEAE4AF}.Debug|Any CPU.Build.0 = Debug|Any CPU
		{D3BD3C5F-4D93-4A6B-B555-4083BBEAE4AF}.Release|Any CPU.ActiveCfg = Release|Any CPU
		{D3BD3C5F-4D93-4A6B-B555-4083BBEAE4AF}.Release|Any CPU.Build.0 = Release|Any CPU
		{526C84CB-C164-42EA-B91C-6C98DFF56D93}.Debug|Any CPU.ActiveCfg = Debug|Any CPU
		{526C84CB-C164-42EA-B91C-6C98DFF56D93}.Debug|Any CPU.Build.0 = Debug|Any CPU
		{526C84CB-C164-42EA-B91C-6C98DFF56D93}.Release|Any CPU.ActiveCfg = Release|Any CPU
		{526C84CB-C164-42EA-B91C-6C98DFF56D93}.Release|Any CPU.Build.0 = Release|Any CPU
		{084C4650-34A7-4055-A545-6F7DCFA8A46A}.Debug|Any CPU.ActiveCfg = Debug|Any CPU
		{084C4650-34A7-4055-A545-6F7DCFA8A46A}.Debug|Any CPU.Build.0 = Debug|Any CPU
		{084C4650-34A7-4055-A545-6F7DCFA8A46A}.Release|Any CPU.ActiveCfg = Release|Any CPU
		{084C4650-34A7-4055-A545-6F7DCFA8A46A}.Release|Any CPU.Build.0 = Release|Any CPU
		{24E92129-80E0-4DD0-8879-9AA98502B8F4}.Debug|Any CPU.ActiveCfg = Debug|Any CPU
		{24E92129-80E0-4DD0-8879-9AA98502B8F4}.Debug|Any CPU.Build.0 = Debug|Any CPU
		{24E92129-80E0-4DD0-8879-9AA98502B8F4}.Release|Any CPU.ActiveCfg = Release|Any CPU
		{24E92129-80E0-4DD0-8879-9AA98502B8F4}.Release|Any CPU.Build.0 = Release|Any CPU
		{6074DC4E-79DE-498B-8958-E05446300723}.Debug|Any CPU.ActiveCfg = Debug|Any CPU
		{6074DC4E-79DE-498B-8958-E05446300723}.Debug|Any CPU.Build.0 = Debug|Any CPU
		{6074DC4E-79DE-498B-8958-E05446300723}.Release|Any CPU.ActiveCfg = Release|Any CPU
		{6074DC4E-79DE-498B-8958-E05446300723}.Release|Any CPU.Build.0 = Release|Any CPU
		{C1DDD9F8-5638-4F44-A528-FD0E8F5E64E2}.Debug|Any CPU.ActiveCfg = Debug|Any CPU
		{C1DDD9F8-5638-4F44-A528-FD0E8F5E64E2}.Debug|Any CPU.Build.0 = Debug|Any CPU
		{C1DDD9F8-5638-4F44-A528-FD0E8F5E64E2}.Release|Any CPU.ActiveCfg = Release|Any CPU
		{C1DDD9F8-5638-4F44-A528-FD0E8F5E64E2}.Release|Any CPU.Build.0 = Release|Any CPU
		{519A51E6-91AE-42CC-B3F8-5026E80288D1}.Debug|Any CPU.ActiveCfg = Debug|Any CPU
		{519A51E6-91AE-42CC-B3F8-5026E80288D1}.Debug|Any CPU.Build.0 = Debug|Any CPU
		{519A51E6-91AE-42CC-B3F8-5026E80288D1}.Release|Any CPU.ActiveCfg = Release|Any CPU
		{519A51E6-91AE-42CC-B3F8-5026E80288D1}.Release|Any CPU.Build.0 = Release|Any CPU
		{E2AC52AC-2BA1-4F4F-84FF-787890CC1540}.Debug|Any CPU.ActiveCfg = Debug|Any CPU
		{E2AC52AC-2BA1-4F4F-84FF-787890CC1540}.Debug|Any CPU.Build.0 = Debug|Any CPU
		{E2AC52AC-2BA1-4F4F-84FF-787890CC1540}.Release|Any CPU.ActiveCfg = Release|Any CPU
		{E2AC52AC-2BA1-4F4F-84FF-787890CC1540}.Release|Any CPU.Build.0 = Release|Any CPU
	EndGlobalSection
	GlobalSection(SolutionProperties) = preSolution
		HideSolutionNode = FALSE
	EndGlobalSection
	GlobalSection(NestedProjects) = preSolution
		{24E92129-80E0-4DD0-8879-9AA98502B8F4} = {B37C906F-7C51-41D9-B580-83FD3439DAAD}
		{6074DC4E-79DE-498B-8958-E05446300723} = {B37C906F-7C51-41D9-B580-83FD3439DAAD}
		{C1DDD9F8-5638-4F44-A528-FD0E8F5E64E2} = {B37C906F-7C51-41D9-B580-83FD3439DAAD}
	EndGlobalSection
	GlobalSection(ExtensibilityGlobals) = postSolution
		SolutionGuid = {01A69B93-4CBD-4D72-9E59-F022A9204624}
	EndGlobalSection
EndGlobal
